{
    "_readme": [
        "This file locks the dependencies of your project to a known state",
        "Read more about it at https://getcomposer.org/doc/01-basic-usage.md#installing-dependencies",
        "This file is @generated automatically"
    ],
    "content-hash": "b8e3e1c5662683f6f1291df88ee8debf",
    "packages": [
        {
            "name": "psr/log",
            "version": "1.1.4",
            "source": {
                "type": "git",
                "url": "https://github.com/php-fig/log.git",
                "reference": "d49695b909c3b7628b6289db5479a1c204601f11"
            },
            "dist": {
                "type": "zip",
                "url": "https://api.github.com/repos/php-fig/log/zipball/d49695b909c3b7628b6289db5479a1c204601f11",
                "reference": "d49695b909c3b7628b6289db5479a1c204601f11",
                "shasum": ""
            },
            "require": {
                "php": ">=5.3.0"
            },
            "type": "library",
            "extra": {
                "branch-alias": {
                    "dev-master": "1.1.x-dev"
                }
            },
            "autoload": {
                "psr-4": {
                    "Psr\\Log\\": "Psr/Log/"
                }
            },
            "notification-url": "https://packagist.org/downloads/",
            "license": [
                "MIT"
            ],
            "authors": [
                {
                    "name": "PHP-FIG",
                    "homepage": "https://www.php-fig.org/"
                }
            ],
            "description": "Common interface for logging libraries",
            "homepage": "https://github.com/php-fig/log",
            "keywords": [
                "log",
                "psr",
                "psr-3"
            ],
            "support": {
                "source": "https://github.com/php-fig/log/tree/1.1.4"
            },
            "time": "2021-05-03T11:20:27+00:00"
        }
    ],
    "packages-dev": [
        {
            "name": "atoum/atoum",
            "version": "4.1",
            "source": {
                "type": "git",
                "url": "https://github.com/atoum/atoum.git",
                "reference": "e866f3d4ad683c35757cd73fc6da3e3d5e563667"
            },
            "dist": {
                "type": "zip",
                "url": "https://api.github.com/repos/atoum/atoum/zipball/e866f3d4ad683c35757cd73fc6da3e3d5e563667",
                "reference": "e866f3d4ad683c35757cd73fc6da3e3d5e563667",
                "shasum": ""
            },
            "require": {
                "ext-hash": "*",
                "ext-json": "*",
                "ext-tokenizer": "*",
                "ext-xml": "*",
                "php": "^7.4 || ^8.0"
            },
            "replace": {
                "mageekguy/atoum": "*"
            },
            "require-dev": {
                "friendsofphp/php-cs-fixer": "^3.2"
            },
            "suggest": {
                "atoum/stubs": "Provides IDE support (like autocompletion) for atoum",
                "ext-mbstring": "Provides support for UTF-8 strings",
                "ext-xdebug": "Provides code coverage report (>= 2.3)"
            },
            "bin": [
                "bin/atoum"
            ],
            "type": "library",
            "extra": {
                "branch-alias": {
                    "dev-master": "4.x-dev"
                }
            },
            "autoload": {
                "classmap": [
                    "classes/"
                ]
            },
            "notification-url": "https://packagist.org/downloads/",
            "license": [
                "BSD-3-Clause"
            ],
            "authors": [
                {
                    "name": "Frédéric Hardy",
                    "email": "frederic.hardy@atoum.org",
                    "homepage": "http://blog.mageekbox.net"
                },
                {
                    "name": "François Dussert",
                    "email": "francois.dussert@atoum.org"
                },
                {
                    "name": "Gérald Croes",
                    "email": "gerald.croes@atoum.org"
                },
                {
                    "name": "Julien Bianchi",
                    "email": "julien.bianchi@atoum.org"
                },
                {
                    "name": "Ludovic Fleury",
                    "email": "ludovic.fleury@atoum.org"
                }
            ],
            "description": "Simple modern and intuitive unit testing framework for PHP 5.3+",
            "homepage": "http://www.atoum.org",
            "keywords": [
                "TDD",
                "atoum",
                "test",
                "unit testing"
            ],
            "support": {
                "issues": "https://github.com/atoum/atoum/issues",
                "source": "https://github.com/atoum/atoum/tree/4.1"
            },
            "time": "2022-11-20T20:18:31+00:00"
        },
        {
            "name": "conserto/pomm-foundation",
            "version": "3.2.0",
            "source": {
                "type": "git",
                "url": "https://github.com/Conserto/pomm-foundation.git",
                "reference": "933ab4f1d7432a555dc9acf2415674ad0f56cd54"
            },
            "dist": {
                "type": "zip",
                "url": "https://api.github.com/repos/Conserto/pomm-foundation/zipball/933ab4f1d7432a555dc9acf2415674ad0f56cd54",
                "reference": "933ab4f1d7432a555dc9acf2415674ad0f56cd54",
                "shasum": ""
            },
            "require": {
                "ext-pgsql": "*",
                "php": ">=8.1",
                "psr/log": "~1.0"
            },
            "require-dev": {
                "atoum/atoum": "^4.0",
                "phpstan/phpstan": "^1.7"
            },
            "type": "library",
            "autoload": {
                "psr-4": {
                    "PommProject\\Foundation\\": "sources/lib"
                }
            },
            "notification-url": "https://packagist.org/downloads/",
            "license": [
                "MIT"
            ],
            "authors": [
                {
                    "name": "Grégoire HUBERT",
                    "email": "hubert.greg@gmail.com"
                }
            ],
            "description": "Pomm connection manager for Postgresql",
            "homepage": "http://www.pomm-project.org",
            "keywords": [
                "database",
                "framework",
                "pomm",
                "postgresql"
            ],
            "support": {
                "source": "https://github.com/Conserto/pomm-foundation/tree/3.2.0"
            },
            "time": "2023-05-04T09:34:02+00:00"
        },
        {
            "name": "phpstan/phpstan",
            "version": "1.10.14",
            "source": {
                "type": "git",
                "url": "https://github.com/phpstan/phpstan.git",
                "reference": "d232901b09e67538e5c86a724be841bea5768a7c"
            },
            "dist": {
                "type": "zip",
                "url": "https://api.github.com/repos/phpstan/phpstan/zipball/d232901b09e67538e5c86a724be841bea5768a7c",
                "reference": "d232901b09e67538e5c86a724be841bea5768a7c",
                "shasum": ""
            },
            "require": {
                "php": "^7.2|^8.0"
            },
            "conflict": {
                "phpstan/phpstan-shim": "*"
            },
            "bin": [
                "phpstan",
                "phpstan.phar"
            ],
            "type": "library",
            "autoload": {
                "files": [
                    "bootstrap.php"
                ]
            },
            "notification-url": "https://packagist.org/downloads/",
            "license": [
                "MIT"
            ],
            "description": "PHPStan - PHP Static Analysis Tool",
            "keywords": [
                "dev",
                "static analysis"
            ],
            "support": {
                "docs": "https://phpstan.org/user-guide/getting-started",
                "forum": "https://github.com/phpstan/phpstan/discussions",
                "issues": "https://github.com/phpstan/phpstan/issues",
                "security": "https://github.com/phpstan/phpstan/security/policy",
                "source": "https://github.com/phpstan/phpstan-src"
            },
            "funding": [
                {
                    "url": "https://github.com/ondrejmirtes",
                    "type": "github"
                },
                {
                    "url": "https://github.com/phpstan",
                    "type": "github"
                },
                {
                    "url": "https://tidelift.com/funding/github/packagist/phpstan/phpstan",
                    "type": "tidelift"
                }
            ],
            "time": "2023-04-19T13:47:27+00:00"
        }
    ],
    "aliases": [],
    "minimum-stability": "stable",
    "stability-flags": [],
    "prefer-stable": false,
    "prefer-lowest": false,
    "platform": {
        "php": ">=8.1",
        "ext-pgsql": "*"
    },
    "platform-dev": [],
    "plugin-api-version": "2.3.0"
}
